{
    "_meta": {
        "hash": {
            "sha256": "e8b89da8ff8869dc96467757e0dd37f7afca46d6a6045aeee4228ef547dee300"
        },
        "pipfile-spec": 6,
        "requires": {
            "python_version": "3"
        },
        "sources": [
            {
                "name": "pypi",
                "url": "https://pypi.org/simple",
                "verify_ssl": true
            }
        ]
    },
    "default": {
        "click": {
            "hashes": [
                "sha256:63c132bbbed01578a06712a2d1f497bb62d9c1c0d329b7903a866228027263b2",
                "sha256:ed53c9d8990d83c2a27deae68e4ee337473f6330c040a31d4225c9574d16096a"
            ],
            "markers": "python_version >= '3.7'",
            "version": "==8.1.8"
        },
        "colorama": {
            "hashes": [
                "sha256:08695f5cb7ed6e0531a20572697297273c47b8cae5a63ffc6d6ed5c201be6e44",
                "sha256:4f1d9991f5acc0ca119f9d443620b77f9d6b33703e51011c16baf57afb285fc6"
            ],
            "markers": "platform_system == 'Windows'",
            "version": "==0.4.6"
        },
        "customtkinter": {
            "hashes": [
                "sha256:14ad3e7cd3cb3b9eb642b9d4e8711ae80d3f79fb82545ad11258eeffb2e6b37c",
                "sha256:fd8db3bafa961c982ee6030dba80b4c2e25858630756b513986db19113d8d207"
            ],
            "version": "==5.2.2"
        },
        "darkdetect": {
            "hashes": [
                "sha256:a7509ccf517eaad92b31c214f593dbcf138ea8a43b2935406bbd565e15527a85",
                "sha256:b5428e1170263eb5dea44c25dc3895edd75e6f52300986353cd63533fe7df8b1"
            ],
            "markers": "python_version >= '3.6'",
            "version": "==0.8.0"
        },
        "hacktools": {
            "extras": [
                "armips",
                "cli",
                "graphics",
                "nds",
                "xdelta"
            ],
            "hashes": [
                "sha256:0013ec02c12e71facc752d8c6252d3c06a37b960798766e251f067b95298ac13",
                "sha256:0421eacc1fd5f97f0d35809ac24b51ed4b91f2bd108bae719b98dbfc8555cfac",
                "sha256:06df805529bebb2f99131510bfeaab14b80ed1b76d590f7607045f6dbf68d4cd",
                "sha256:0a98f8194808e85244d4a923fe917f821aee0a2584cbdc4f44e4d9f3812862d8",
                "sha256:0cd79598a99907e43287cd5320b62f4e1faeb61838f17338a93e2324bff51fd9",
                "sha256:11daa9760ae511bcd8224c7634f6c01fff937af3e2909a50c4b23d72ae57dbd8",
                "sha256:17d353aee9411e1bfb97ccf7ab813e2c283f1ed3a3b8eaceedc9758234c58ff4",
                "sha256:1aefc6c2780b1a800f6c115b28becc78139efb39f01d2edea835fa6d797a5cde",
                "sha256:1c891e3778ae46730df6791f23b42847ca239413ca142b4be140a8fdcf79ce14",
                "sha256:1f65e9e3c16dd6f7c783314fb517a97c989686930200799f31a7f2965bd84af6",
                "sha256:20abb7a176a4502c67fe9b96cdaefe17af87df8276473e065308de4bff305702",
                "sha256:22a92ab74fdc34ab8b63f8d9e25bfc1e2372a7aaa04e080064f16ecdb0420c77",
                "sha256:23ea928cdda5ec9cff37a80619d51d9ab9d3887e8d9d835c1b9798453e6b0c7c",
                "sha256:26bf8db07b9739d483ad0f758b77261bb55163f2486b7fafad38ae3af753610a",
                "sha256:282f38dd9f7efb687bd14c2ab627856a3d35f2f73616fba961b8d1f2a2a87103",
                "sha256:2deeaca6852807e80979d42aa84ab9257b2da2d8acbb382c99eeecdeb522fa93",
                "sha256:2fd82fdadd4e8084e035bd7c772c335b0e1f29315a9a7183127a4946b81bd22a",
                "sha256:3065e6b75c02a605b4229c7a245a68fc9e4dd7d4a1722d55524fac55d58d0616",
                "sha256:3201ff4f4e540085278d2eb257681bccf566ef1497b383fa7dfaea75eb8dd71d",
                "sha256:3552a78cb3cc58a767f367685b363cd17e4e0b3257b08af9df56a2ca3960226c",
                "sha256:3818008915df8a633359a5cedfc220ef82befc4ed935a3e01982d364a51e9f48",
                "sha256:3b25c2a561f2875fd9c1ffc670357a8253a178dc3a1db17f245dfe67e050cd9d",
                "sha256:3c09abb9dde7715a9b95d953f3562c977edbd0ea95b3908832a73a068f2daf73",
                "sha256:3c5157b90d3d38398fe6b5c6b7a2df5d9088f66b87ff49e7c722ae75353ae3ec",
                "sha256:43002be1559d8507699cd04f7dd15dd9055421d56dfda08d279c12cce8fdbec6",
                "sha256:48294f5f34326596ad4362122d6fbd39ec0c54fe0902fb7b99b04784d2e7c4a7",
                "sha256:4dddd4dd1548691ec64662b4bbd879c3bfa9b0608393ebd2be1c2c9198429669",
                "sha256:54cb79a77d4cc971fa224a14f1228b6b37169e921ef5b0e2a27d95d00c6877e0",
                "sha256:5afe7ac2158ef638a1878b898dcdd7f8a4fd775eda88591b0c2c1716947c7637",
                "sha256:601554add5c451b8a054b1d3b592b81be4821e6e3cce6539a627b940c2c2ee6f",
                "sha256:629453bb1a1db40fc5531df190f19ab302c44400dd5951175f88909f7011d0f9",
                "sha256:62a7000e18972aec42e1ac8bf89524c81d5a1ba02df06802c30a0d4e5e377d97",
                "sha256:64efadf5890712058efed75f96fdd837f3255e0e3333fc27193c573125563db0",
                "sha256:676571c1835a67e9bd104768fb045786eecb54a275c909262eea3d0753eab04e",
                "sha256:68e9ca544d5f9ad2302778c6f4efcfde800e824db5cafb715888033c83c371c8",
                "sha256:694585e8e8fcdd9d41f18292ed31e41ab54e102118b7d0f5d3811227052d8ca4",
                "sha256:6b143ca5e28055322358c1c90df95cebf3e31d9687caa568d7b7125483890a29",
                "sha256:6ca8a443df1805e1507c4140f2886feccab9c949bf174ca768868ff88974cde9",
                "sha256:6f46cd6c736584f5a0a7637f819dde105eb99858cd0b80b5822e88da8d7e069c",
                "sha256:75f53e99d06edb774738a84df6dd64712ae72696742ec6fb2c1d40eba61d52d4",
                "sha256:77ee972b18ee44d03d70ce154d8dc7d98c60985e05766ae1c6481b9f4751f89e",
                "sha256:7cf92b843bb0f42fb8c0839b74b11c604e693400c65410d2695a7c3b5b772418",
                "sha256:7df7a3119682192afbb53faf20ebc7855b4e54e1b92ee6d6a38b3b30917de4b2",
                "sha256:7f6f68060e13f2bee8cbdbfc68f122afecd5ae542a63410ede6728a02d614412",
                "sha256:83996de94ec7b545b119e0f6c823566ace0de9f0d58a3da2b70d1d7971b14cab",
                "sha256:855b018929b93fe67c53a35fbbdb26dfc79b5975a195714579ecc43ebdf12aa4",
                "sha256:8796cfa5f2009b6acbf6dcb48453248d66242eda27e580cc2d9bc7e7a58b6864",
                "sha256:9144264cc4f2daed42af0a4b49723637cde062d5d745385f3efbb16e74b43a31",
                "sha256:92d6c6661ff1face1338dcdb6f5dc3022289c4b9d385efbaf75d81d45c759d85",
                "sha256:9933b49114d9bd51e519eb7783327184754692ae0eeee60620758d3ced485754",
                "sha256:9dcee83865e999c433057b25ac9c9c85b43b42316c6b381d8503f871132dea23",
                "sha256:a414554b8b56ae987ba21873267747ee59fad424e6b5ebe375df69f82010a338",
                "sha256:adb8efab4bf99656b4986cd74f38746dcde08ccce3c30f462cc55a4f54155f0d",
                "sha256:b568c017231826068b0105f89c1b2ab7c658946901957cf2f0c05d146ed60926",
                "sha256:bc0bf8aaa0492781ea52bb42748957e48dded613417609531196b504f3027565",
                "sha256:beb6e529179ecca6ff5dd460547d97b9224022ea65dc01c33ce2010e5ae0d084",
                "sha256:c2298214788d70ff22d374629a293a5a7dca894caaa347fc8c74b086cd0882b7",
                "sha256:c2b09580c36b3233a091f709e0d1330941f1cef2b53441f91b62e669e71e621c",
                "sha256:c5da97323b371432b95fe8524d7306e1a2f96c83c40fbeb334b4de4bdad5e43a",
                "sha256:c727bfb3bb73e040419f244f199b86550b8bbf121b8a0fa465fce1dc0a02c2ad",
                "sha256:cc03969a5a014261e071960ed9f0c8015511111dc30039dfd51f59f13daefd42",
                "sha256:ccdaa0ff6ddb971172b64c476f32dfca9d8c90534fc8515de0c89503887eeb41",
                "sha256:cdf3c82d4aca953fde52aef8aa333dc5727aef6538e0284f53c06ec79135fca7",
                "sha256:ceec43c713c90aae0741a8cbfde1e84042e5def2152c51e1a8974cd23e4387c7",
                "sha256:cf8c51b31ffa5b3a43dff17a6c7f520edbbd01c7502df1a9af9223e37bdf9233",
                "sha256:d013aba058503341c6f0aabe1e00fffaf236adaf15a9ccb378730deedfc9f923",
                "sha256:d6179693749ebadd28bc1fdfb1f0c5e1080502b2261b9277aee104180572e70f",
                "sha256:d68c51ba87db3a3dcab58d3b518c404885da337e989b2d0013e9eeac131e38ad",
                "sha256:d8589ac12c52eef79f42587217ba01d61517334003000852c5cf3b09b4b53fa0",
                "sha256:e447609f23b7080b95377bc5c9dba359a0870d5f0568ae2bca5f9490d11e859a",
                "sha256:e8b4709c53a8716df6bb34302c9dc6f778494c380f2dc7e185e29a29c03abb9c",
                "sha256:ec91fc600adcc2f72bb80e7bfa0b738dda265ffe935b623accdea03b59c3a252",
                "sha256:f2d4fc911ed9466fbebdfa2c0592b63e8762e69ebc2b2ea3da9ff0aebcd201c2",
                "sha256:fd87b7c79e86eef3105e00f42cf187e8247da7cd46992f2a45b08d6fbc7bcb1c",
                "sha256:fdac1dfabdba66d4cc9c06652de7d2b1caaa7968dfc589e61785639d019cfd75"
            ],
            "markers": "python_version >= '3.7'",
            "version": "==0.38.1"
        },
        "ndspy": {
            "hashes": [
                "sha256:d3b03e57ef5ba450e766035e1908293f7a6ba1a738736fae42b2c66952abb85b",
                "sha256:f43529628894d202c9c036582cceee18736e83bf1593db34ef6117a163e0054d"
            ],
            "version": "==4.2.0"
        },
        "packaging": {
            "hashes": [
                "sha256:09abb1bccd265c01f4a3aa3f7a7db064b36514d2cba19a2f694fe6150451a759",
                "sha256:c228a6dc5e932d346bc5739379109d49e8853dd8223571c7c5b55260edc0b97f"
            ],
            "markers": "python_version >= '3.8'",
            "version": "==24.2"
        },
        "pillow": {
            "hashes": [
                "sha256:015c6e863faa4779251436db398ae75051469f7c903b043a48f078e437656f83",
                "sha256:0a2f91f8a8b367e7a57c6e91cd25af510168091fb89ec5146003e424e1558a96",
                "sha256:11633d58b6ee5733bde153a8dafd25e505ea3d32e261accd388827ee987baf65",
                "sha256:2062ffb1d36544d42fcaa277b069c88b01bb7298f4efa06731a7fd6cc290b81a",
                "sha256:31eba6bbdd27dde97b0174ddf0297d7a9c3a507a8a1480e1e60ef914fe23d352",
                "sha256:3362c6ca227e65c54bf71a5f88b3d4565ff1bcbc63ae72c34b07bbb1cc59a43f",
                "sha256:368da70808b36d73b4b390a8ffac11069f8a5c85f29eff1f1b01bcf3ef5b2a20",
                "sha256:36ba10b9cb413e7c7dfa3e189aba252deee0602c86c309799da5a74009ac7a1c",
                "sha256:3764d53e09cdedd91bee65c2527815d315c6b90d7b8b79759cc48d7bf5d4f114",
                "sha256:3a5fe20a7b66e8135d7fd617b13272626a28278d0e578c98720d9ba4b2439d49",
                "sha256:3cdcdb0b896e981678eee140d882b70092dac83ac1cdf6b3a60e2216a73f2b91",
                "sha256:4637b88343166249fe8aa94e7c4a62a180c4b3898283bb5d3d2fd5fe10d8e4e0",
                "sha256:4db853948ce4e718f2fc775b75c37ba2efb6aaea41a1a5fc57f0af59eee774b2",
                "sha256:4dd43a78897793f60766563969442020e90eb7847463eca901e41ba186a7d4a5",
                "sha256:54251ef02a2309b5eec99d151ebf5c9904b77976c8abdcbce7891ed22df53884",
                "sha256:54ce1c9a16a9561b6d6d8cb30089ab1e5eb66918cb47d457bd996ef34182922e",
                "sha256:593c5fd6be85da83656b93ffcccc2312d2d149d251e98588b14fbc288fd8909c",
                "sha256:5bb94705aea800051a743aa4874bb1397d4695fb0583ba5e425ee0328757f196",
                "sha256:67cd427c68926108778a9005f2a04adbd5e67c442ed21d95389fe1d595458756",
                "sha256:70ca5ef3b3b1c4a0812b5c63c57c23b63e53bc38e758b37a951e5bc466449861",
                "sha256:73ddde795ee9b06257dac5ad42fcb07f3b9b813f8c1f7f870f402f4dc54b5269",
                "sha256:758e9d4ef15d3560214cddbc97b8ef3ef86ce04d62ddac17ad39ba87e89bd3b1",
                "sha256:7d33d2fae0e8b170b6a6c57400e077412240f6f5bb2a342cf1ee512a787942bb",
                "sha256:7fdadc077553621911f27ce206ffcbec7d3f8d7b50e0da39f10997e8e2bb7f6a",
                "sha256:8000376f139d4d38d6851eb149b321a52bb8893a88dae8ee7d95840431977081",
                "sha256:837060a8599b8f5d402e97197d4924f05a2e0d68756998345c829c33186217b1",
                "sha256:89dbdb3e6e9594d512780a5a1c42801879628b38e3efc7038094430844e271d8",
                "sha256:8c730dc3a83e5ac137fbc92dfcfe1511ce3b2b5d7578315b63dbbb76f7f51d90",
                "sha256:8e275ee4cb11c262bd108ab2081f750db2a1c0b8c12c1897f27b160c8bd57bbc",
                "sha256:9044b5e4f7083f209c4e35aa5dd54b1dd5b112b108648f5c902ad586d4f945c5",
                "sha256:93a18841d09bcdd774dcdc308e4537e1f867b3dec059c131fde0327899734aa1",
                "sha256:9409c080586d1f683df3f184f20e36fb647f2e0bc3988094d4fd8c9f4eb1b3b3",
                "sha256:96f82000e12f23e4f29346e42702b6ed9a2f2fea34a740dd5ffffcc8c539eb35",
                "sha256:9aa9aeddeed452b2f616ff5507459e7bab436916ccb10961c4a382cd3e03f47f",
                "sha256:9ee85f0696a17dd28fbcfceb59f9510aa71934b483d1f5601d1030c3c8304f3c",
                "sha256:a07dba04c5e22824816b2615ad7a7484432d7f540e6fa86af60d2de57b0fcee2",
                "sha256:a3cd561ded2cf2bbae44d4605837221b987c216cff94f49dfeed63488bb228d2",
                "sha256:a697cd8ba0383bba3d2d3ada02b34ed268cb548b369943cd349007730c92bddf",
                "sha256:a76da0a31da6fcae4210aa94fd779c65c75786bc9af06289cd1c184451ef7a65",
                "sha256:a85b653980faad27e88b141348707ceeef8a1186f75ecc600c395dcac19f385b",
                "sha256:a8d65b38173085f24bc07f8b6c505cbb7418009fa1a1fcb111b1f4961814a442",
                "sha256:aa8dd43daa836b9a8128dbe7d923423e5ad86f50a7a14dc688194b7be5c0dea2",
                "sha256:ab8a209b8485d3db694fa97a896d96dd6533d63c22829043fd9de627060beade",
                "sha256:abc56501c3fd148d60659aae0af6ddc149660469082859fa7b066a298bde9482",
                "sha256:ad5db5781c774ab9a9b2c4302bbf0c1014960a0a7be63278d13ae6fdf88126fe",
                "sha256:ae98e14432d458fc3de11a77ccb3ae65ddce70f730e7c76140653048c71bfcbc",
                "sha256:b20be51b37a75cc54c2c55def3fa2c65bb94ba859dde241cd0a4fd302de5ae0a",
                "sha256:b523466b1a31d0dcef7c5be1f20b942919b62fd6e9a9be199d035509cbefc0ec",
                "sha256:b5d658fbd9f0d6eea113aea286b21d3cd4d3fd978157cbf2447a6035916506d3",
                "sha256:b6123aa4a59d75f06e9dd3dac5bf8bc9aa383121bb3dd9a7a612e05eabc9961a",
                "sha256:bd165131fd51697e22421d0e467997ad31621b74bfc0b75956608cb2906dda07",
                "sha256:bf902d7413c82a1bfa08b06a070876132a5ae6b2388e2712aab3a7cbc02205c6",
                "sha256:c12fc111ef090845de2bb15009372175d76ac99969bdf31e2ce9b42e4b8cd88f",
                "sha256:c1eec9d950b6fe688edee07138993e54ee4ae634c51443cfb7c1e7613322718e",
                "sha256:c640e5a06869c75994624551f45e5506e4256562ead981cce820d5ab39ae2192",
                "sha256:cc1331b6d5a6e144aeb5e626f4375f5b7ae9934ba620c0ac6b3e43d5e683a0f0",
                "sha256:cfd5cd998c2e36a862d0e27b2df63237e67273f2fc78f47445b14e73a810e7e6",
                "sha256:d3d8da4a631471dfaf94c10c85f5277b1f8e42ac42bade1ac67da4b4a7359b73",
                "sha256:d44ff19eea13ae4acdaaab0179fa68c0c6f2f45d66a4d8ec1eda7d6cecbcc15f",
                "sha256:dd0052e9db3474df30433f83a71b9b23bd9e4ef1de13d92df21a52c0303b8ab6",
                "sha256:dd0e081319328928531df7a0e63621caf67652c8464303fd102141b785ef9547",
                "sha256:dda60aa465b861324e65a78c9f5cf0f4bc713e4309f83bc387be158b077963d9",
                "sha256:e06695e0326d05b06833b40b7ef477e475d0b1ba3a6d27da1bb48c23209bf457",
                "sha256:e1abe69aca89514737465752b4bcaf8016de61b3be1397a8fc260ba33321b3a8",
                "sha256:e267b0ed063341f3e60acd25c05200df4193e15a4a5807075cd71225a2386e26",
                "sha256:e5449ca63da169a2e6068dd0e2fcc8d91f9558aba89ff6d02121ca8ab11e79e5",
                "sha256:e63e4e5081de46517099dc30abe418122f54531a6ae2ebc8680bcd7096860eab",
                "sha256:f189805c8be5ca5add39e6f899e6ce2ed824e65fb45f3c28cb2841911da19070",
                "sha256:f7955ecf5609dee9442cbface754f2c6e541d9e6eda87fad7f7a989b0bdb9d71",
                "sha256:f86d3a7a9af5d826744fabf4afd15b9dfef44fe69a98541f666f66fbb8d3fef9",
                "sha256:fbd43429d0d7ed6533b25fc993861b8fd512c42d04514a0dd6337fb3ccf22761"
            ],
            "version": "==11.1.0"
        },
        "pyarmips": {
            "hashes": [
                "sha256:02ae40b7ff1856497b710efec6483fce15326adad3e32046710d6c245f3d8762",
                "sha256:071a25b81374f5f88d6e1f637eb37795d885a4088374cda90d84e3fdb4f33961",
                "sha256:07cce7c77948631a96292866ad0a4fe25f3e22eae177cb72aa978705b1b05bd8",
                "sha256:0c0b085c3aab1c4e2357b0f3ffc33e2764f5900d138120d312a9ecda7c10dfe5",
                "sha256:10145b338271e874dea2b8a0d9dd905453382524bbbe7ec689ff9f8720d7849b",
                "sha256:11437c7c8860fdb3adb2d2fb10be78c538a3e09bb29e8d406c65b204e55147bc",
                "sha256:11762f541849d9769ad5a9fbc41933882d316d6ff186ad2a225fb81a4c1d251c",
                "sha256:1c6cc5ac435ceca48fcd18ceaaa80b5a22f4b0e45a363cc9d1fee3316f9fda0a",
                "sha256:1e63f673d8c3598c31ddc3fffb662d4faff3722561a0f6ffab4587e25820bf50",
                "sha256:22ddd2301864eee1c273d1d1c85e543e1d2a40754f579ca60c3e30f7efffb44d",
                "sha256:231e9b2fb8778d2a992f0facc1f0d8a36821e6f1a123b0b79579d5e3f5d1ddbb",
                "sha256:2cd879be9a0c3aee25d9aa8438b9fd67a6b78b06b66fe8705da0472d258c9b9c",
                "sha256:2dff13fe6ee05b3c7b762ca0ce0df39c1a952b21f1472dd24fa3be4b95738b1d",
                "sha256:2fac30c40b880c1627d3dcf3550e03375f81afa70b5e18c7c40ac66d65505b7a",
                "sha256:32c1ace3c36f8c27c4d1c0aa900401aac5928c3d5551f6dcc55b7be315fff0ae",
                "sha256:37cff62f2ad55834473ec514e668fcdb1583222780b1158cd356d4285e49ab08",
                "sha256:3e4b49c0bf07280e3a8a67567295432e308dee4f1207db4cdc65f1e7f11bcf16",
                "sha256:3ef31acac710d44279875bf71bd4d0ad7aa9c02881890878fd55497ee1743f13",
                "sha256:3f847a2ea50c72d97a4a14b67a7dd3fbce2f57fba719f324024359e61e52cdc4",
                "sha256:3f9f7bb30b681d7e79552dec095309cf091abdb4a1034a4b8c9fbbb479fe1009",
                "sha256:48978933f47aadc593ae536fd71f04bb7df36967340c86e5eabfe1f0f0e4c312",
                "sha256:4f690b7f00c93f0489fd373e877422be9f3ae7956da41e323958ea03bdf6cc15",
                "sha256:521cc141f63368665f0d345a9639b86504da4ec8a0b6c6ccea6e68348f72aa87",
                "sha256:52ff5d853726f7f7940305a787ce9f688e21459ffdc2a697004073d5cf9702de",
                "sha256:58a4be1c159f18d44fe4fc0608d0514ceccd25cdd3bdb477a6804eaa7228022a",
                "sha256:601754a2e531a73a0efc93601aab68c37cd9bfa84e1da5eb72f7660db05a6ef5",
                "sha256:60fdf233fbbe2c74c6d1bd772b5f9d7d52f24544122dc7b01480dc7c32359b24",
                "sha256:616df63eab9bac264505b666b0e627f7ec44877d0a6d679cedbcaca567e7b56e",
                "sha256:644efb3a10fd258cf17e753e7a7e4500ae5c07c4d5e6b775e0c95086454967c5",
                "sha256:6c4a74d88115032c45595dcd020070b176a337a0b0e83471889c56954b766a4c",
                "sha256:73f989e24dda0b1d391ae4cde8154b62d941bc0aa92b0a36f74dda08b91eb321",
                "sha256:7456bebb85253be9ab562e4db3310f50515e5b8708dae6e9d08494e5fffe26be",
                "sha256:7523acccec9bd1e929642fa30c3bfa150141343cacac4e5720000a291db495b4",
                "sha256:7893667effb95a1292c177e764012d829202e14ac058fef94337d2939c84c9f8",
                "sha256:7a77c8c83603e7fb21a0d25d3744787aeea624e8a02ae31fb51faf5bf1b4a0c6",
                "sha256:7e187b88bb894f9d9a3617a0cfe7f5d5caf42d40300a32192946dffda9d8bd73",
                "sha256:86259e0c67dc43e79fb60bdd84d73c57dfe027fc643520a776c6774677e242fc",
                "sha256:8c168d34bf93aeee6ce2ce3a405dcd1fc13c5f0b0bbee7785f1efa1b923f80ab",
                "sha256:9454e992ca121fb1b3963ce9a4f234022d1164b1aa828434c536fe48fa7a131c",
                "sha256:967fec27df69464dfed0f4cf4dbdf2d9b789dcc6f58c9d6ecf5d2818cf6ebaee",
                "sha256:974773d4eefe1a8b43425d7904d1fbc150ede80d962be08cd0aef23fb388e7ab",
                "sha256:9831cf64486c6ad1116b7d635a6a1186b19527b4cf52d37480b75e2cffe9a1c4",
                "sha256:9ca26211237b8b220181a735567c2a41fff2b45da1aa8851e093c93d8a705531",
                "sha256:9dc3ab5eef699d617bc3ff18a3d8275c2c350b83537865fa82b5086e0a27f586",
                "sha256:a1c610da4ad99bad944298cf83c26f779e7ed27f0015dd31ab30724bc0c6be7a",
                "sha256:a5ee19d5f14fa298963ada494f391401ebfc2d611695861b514e84188a6bf5e4",
                "sha256:ac79b4d216a0ec55873d9ed6f27e28da07e61fe19f0cf22f6d4659d6420085ac",
                "sha256:b5ddbee0f54f6c0627a6da6776261c2b11b057dfe57df72dd023c3e5d7fd5bef",
                "sha256:bc4df2901373950ed1b26948acfc02b923fde4a6e0558421dd0d01cd37feffc9",
                "sha256:bce90a973955d4d9f15017b2638bae6357f386afe66af7f2c5593c8050af9813",
                "sha256:c4220a4ffc9e65400837ec8eb7ea7a338ededfcdaf2dc17b6ab159af2051ec01",
                "sha256:c5c96e3160bb50f52659957d503aca5d5138f3769de0c8f1f7e1eafae0e7f54b",
                "sha256:cd47f06c1fff760db3e908fd45314efbe7720c44c9e816dbf558e468cedfe98c",
                "sha256:cffc665a54e9c762152f839e4bce01ba2c6c1cae200a2424492cde086754dba8",
                "sha256:df5678ee98c5e1ec68b05e444c44d186c16bfb4727abe18ee9154692423d7542",
                "sha256:e03280a0458b5fdb60d8a54f6bdede72bb00697641299c7f25ec9985b4a91b3b",
                "sha256:e08cfd91dd6a80f50b7e57ce8627057c7f0c266aa61d698de2a8781e8dc35d01",
                "sha256:e13576f028c4077e9554c77d922caa51e7e398d90e4f84f7916f5f1730848b4c",
                "sha256:e52043bcbb74e06ae73a8da74b9f7bb8ec98ab0cd7869592b53b18403458a760",
                "sha256:e6ced5f7e96ef23eb6c5c8cfe237ef05bb09d6ffcb9678078a45812d98fd3bb6",
                "sha256:ec697b2b66c4d856b299ae8edc762b66eb3bb04b5828e22c4d7fdc2f230fb925",
                "sha256:f0df8a4a7046ee745f20dcd6db39c8f232bbb14dde6e6e7854485513c2ec720f",
                "sha256:f8ae4ca39537ac55e515724a4196cae04a2b53c9f92b9320d54e632a4b22cf3e"
            ],
            "version": "==0.11.3"
        },
        "pyxdelta": {
            "hashes": [
                "sha256:03d365e9ae859d727a80e248bb011e1b1cccf6a206def1770143beb10b2379f8",
                "sha256:04bcdaeb442821882dafba1aa7267957063d0263da2457907bb12c7f9f1bc3d5",
                "sha256:062f28a2ef6bbb456c72af2fe88c513f6c6babf7a4671544e83a44cb40fe0765",
                "sha256:07fb46a029742cf2930150c00155016632a741f7d1b6e6e8df06eed01033ea60",
                "sha256:0823276d0ed093cbbc08af733ac4825145ad36e56bb557f1559b91d158493239",
                "sha256:0a15cf8d5d8a3712429132538c79d4cf40784e2643eee4b7c045a2e867d489e1",
                "sha256:0afd7ae7d79bdc84eb157cdeed86330c5f07350c832fb166db08ed31fd839302",
                "sha256:121dcb3d141039424489b31c752f5817d529ed09a2f6476aa942728de7b53ad0",
                "sha256:1969fa682fda8c0fb3deb5d034dba1bc395827eeb03885907dd83efcd00d6ade",
                "sha256:25ed6ac896adec1b7c5a293b2870d662e383275c5479f9063a50738613075dc6",
                "sha256:2773cd3e2aaec311e5b33d376570f66bb43035312a4fdd269a975d822f9d085a",
                "sha256:287f83b50db8e65f957afae5ea1166f5982fd36bd2d798b8cacbc22bcf4da35b",
                "sha256:2b4a65a0c947a8a2524bd01f7c2a8d132f341cf35893abcc438a98534bbe520d",
                "sha256:31e62d191b6c3161580ef62fca6dbafab36daa6da1488a3b6502b5d085b04a82",
                "sha256:3266ccbe4e0f35329aa6c9ea9a8f9ec1c0ace8941c1f49ddab1b1d6a52daab63",
                "sha256:32a49b28b879941856cc5a3865df2532d4aaebcce34acb7c2e0abb74e749dbbb",
                "sha256:3ca8421c92e0a22a3c761537d079bef29cc60f6cef94d423100e1ecc9f3c9811",
                "sha256:3fb24f614c73bc4a2d0ee0d0b3c347276fc491e1d413f159d0420fe003444b4e",
                "sha256:43a2076854944de499b36b044cd9f169e8907008bdfcaf1588c7728de8667003",
                "sha256:458831060e5a11138df01942b37146cafb60e4b1ebcafd8f30b2e228b67bce6a",
                "sha256:458db6d4fc82217dc8e7ceb5d2a8268f984b447ce0d0b688357188b80029ea9b",
                "sha256:473e9eeb7883f70248b20d38cfc004b306f8a193e8b7b738cf1757557fd93a0f",
                "sha256:4fec88d463ae2d1b29553f07a240efbff37860bcba8bf331578b73ac733e87f9",
                "sha256:516d807ce22333ef62dd9d5de973340e730c23699f704d711a1e9407f2743705",
                "sha256:5170c03fc4bf900c2e8fdfa39d8621b6a631a4cba271b56d01f3dc9b015ae93e",
                "sha256:5426dc4c1d97ad13332bff8a55e2110296b35e006c57d9477a728067d957ff56",
                "sha256:5559f1a807fcc5deaefdf3aea3319054ebeabe99659da69e021e972074f7e842",
                "sha256:583b3087ecfe11df6f59f5b8ea136402fef2a9833689176ad1aae1ed0743bb55",
                "sha256:60dcd430ab5ca2ff6c727f2ae5c81cdd499a468671d9b8cb3a6a80c85f123e8a",
                "sha256:6309f2d338a0a511eab9b187b3e3ce672ff03163d58d73c9d347f0323f6b7112",
                "sha256:65f64594b3f4216fc7e832dbc42173aaea2fde0b13316a9276fb1b6c317ac95a",
                "sha256:67b857eeae4b474056c596f0d481202e8e681eca707288ec18c6b4399367feea",
                "sha256:6956dac348a3ee55bdf5b176c724961e5fe54012e46a6ae78036bceeb48251b4",
                "sha256:6bd2f0c3f8c4db53a5f45e7f77e012d073621ef78a914d8c85ad2196ff99355c",
                "sha256:71914ac5c0011729697b79812c135378c3102202e92cca405e0b524b6c7d880c",
                "sha256:72a8bbb5ff964503f26d06a74968c2ef78b8425e9401cac6fc816f6ee13390b4",
                "sha256:76f4847740f745baa95431a805da920d5904a264e36b6c2c44a80179ade42a2a",
                "sha256:77bffdf4bdac2f6d1d2ff1e451fc2626321e3026452c54bfbb34943c5ce21a42",
                "sha256:77d713d02b731bc014199abdc7fc9eddc582772986f017a9dfc6f8fab4d98680",
                "sha256:7c50afa79027decc64c6b73929d58d497e905328d8a9c22f403ccb9a1af1f5ab",
                "sha256:7ebd4fb99941b73301eb68c9f1b0d1176a771b28b8bca0481f07af0e53185c1f",
                "sha256:80dedf0a95ecbf6825f3ada10a3035d8d9ba2a8002541d2451a33b793e11d472",
                "sha256:870d3aa7108e770ff079c272928b27d3627695d73f05b4360e6fd8e51a5ff0ee",
                "sha256:87f89b30f822de2542b4a5057571bbe7d342d28629c104ac915c4e5ed47c23e4",
                "sha256:8cce93c110503578b6276a1110661ec8aa360a06798a1a0eccedd6542ee8a26d",
                "sha256:8e09a43c7897929d21c2f730f0ba14aaf2004b09888dbcf09de5ea7505708c67",
                "sha256:906ecec6209fbf83709ebbccead616dedf1ebef1df67dffa924937b41c2b9bfb",
                "sha256:9308e828fcf79422053b549a22322dfc41d584836974cf19e3341766e40072c1",
                "sha256:9329d5c541e04352d7bac793faedd15d7af760475502ed25663a517e7024aed6",
                "sha256:97762382dc76cac8bb79240966440968f13d9efd3a7249a8061ff0e5e26f103e",
                "sha256:997b0e8e21ef434a1c06e6b37c8280693818cf6efa93b4ead9ca30bd022a1f9d",
                "sha256:9f2e81a57a4e0048107e7bae88c2825500b5f8c70d274aa9c07430e5108f60c4",
                "sha256:a3aa20b9434d3bef22b8bc464b88772280230321b39276cd8467f2089d2f6e18",
                "sha256:a410650b95c51645f96cfc5d1e36da98512e8264d43740345c6834e17d480902",
                "sha256:ab30819de587c616b38b4dc425d25846645a310984cc6ba8d8138576d9396ee0",
                "sha256:ab9c686f836d0c419337d427f4282fc15a7c55153b59ff7b8588af27df0b1af7",
                "sha256:aed0c07f50296955ba1fe430a9c85a421c12459942aed91a0c5f0701cc5046cb",
                "sha256:b032e3b0a4dfc976d812d38aeb241172dd27cde41e7019cc01f6c90bb5a6e2b5",
                "sha256:b3e76ff647139e400b355e00a79bf87d608a228dae9c490616f78db036bee7eb",
                "sha256:be8ebdeb3a21a36a0dc78862e995b2ad48e085220e3b977c99f115617826f375",
                "sha256:c07b69b0337d05d9fb1b23a40fb0e9e9e4b623767cf9ddd657a3c9ecf4d32691",
                "sha256:c35b86089b604655f6be62b384d34c40d10a05443059158354215542bc61869f",
                "sha256:c3bbc8b30efd8cd8b8489fdb36325fb3382469c5a8dc2888cfb70c2c78ce5166",
                "sha256:c79d4edd8c4309ac89ce2ab1c3552ab8181b408c29a099498b422a501f9f66e0",
                "sha256:c9465922c347f1d13c7873c87a6d5543076f305e198cf7cc7c1b1f4c05f0a091",
                "sha256:c982df75a9da0ec83bcddb312256173f3245f1bb5cd7dfe5c490d477e0eb205f",
                "sha256:d0dfe10a47d1ef7586fedf7c43d2063523a16ee8cba8df76712db72fde4cc5c5",
                "sha256:d18ad1c1abadef8be65db65fee6c2de2556533d1ab016c42ece4dfe2391639e2",
                "sha256:d73ba837e3a32a51ef738af5c203c791765e6d3024783018171980710295c73c",
                "sha256:dcfc878dd09f60c08b9d367e89dc7b815c98e634feeb1e7838d0a2a2e9cc30af",
                "sha256:dd62e299cdd8787df945ce89b79d40fad020475e9aa6440abc836558e422eef4",
                "sha256:ddf312e0f2bb8c9de3887f4cfa07a74395e8c4db1081d763f25a33fcd61b8644",
                "sha256:dfc511f0d0d3e3ad5b9a2ff77239f9278ea57706abd5adc011634b134a05d6f6",
                "sha256:e34297145aa0ed71526098b7626860971a5cb764c04be8f9b920461348055b3f",
                "sha256:e99e0b3b5e943c7b37cf2352ac1ac6930ae3cd9f6cba71c3703f4b31214a05b9",
                "sha256:eac61181556abe7c09b2fe0e8489427bc251ec4a51e5ad0ac3baaa51370219bf",
                "sha256:ec81e06e56b5886a0f0db835c8a34d5ab1421b2020df4e8d55c91d26ccefc5a6",
                "sha256:f1b6a0552679f2541a42840b920df6f945008b8ac9fe8508e347c834fd33fb17",
                "sha256:f51a321470f42a3ce05ae03371554cf00bc19148d3f7be332c483fbb22cae59f",
                "sha256:fbcd0c5c652fbb8a382acf4464e353e9e54f3d94c723bef1581f18fd355081fc",
                "sha256:fc1718569a58286cf211dd86bfc5de43121bfc0ecbfafdac5556ea1f6c24d59e",
                "sha256:fea521df414fd00c8c0442fd07891171221891ddbc9dcd5819a4b1b9cf05b5ae"
            ],
            "version": "==0.2.1"
        },
        "tqdm": {
            "hashes": [
                "sha256:26445eca388f82e72884e0d580d5464cd801a3ea01e63e5601bdff9ba6a48de2",
                "sha256:f8aef9c52c08c13a65f30ea34f4e5aac3fd1a34959879d7e59e63027286627f2"
            ],
            "markers": "python_version >= '3.7'",
            "version": "==4.67.1"
        }
    },
    "develop": {}
}
